
Microsoft Visual Studio Solution File, Format Version 12.00
# Visual Studio 15
VisualStudioVersion = 15.0.28010.2048
MinimumVisualStudioVersion = 10.0.40219.1
Project("{FAE04EC0-301F-11D3-BF4B-00C04F79EFBC}") = "D1_Piemeri", "D1_Piemeri\D1_Piemeri.csproj", "{7B9DD668-4E83-4A6E-AA2E-9C5CF158A92F}"
EndProject
Project("{FAE04EC0-301F-11D3-BF4B-00C04F79EFBC}") = "D1_Uzdevumi", "D1_Uzdevumi\D1_Uzdevumi.csproj", "{7A9A1992-D0B2-477C-A605-9C5521BAA9AF}"
EndProject
Project("{FAE04EC0-301F-11D3-BF4B-00C04F79EFBC}") = "D2", "D2\D2.csproj", "{449D57FF-ACBA-4BFB-9538-256C4ACD1B93}"
EndProject
Project("{FAE04EC0-301F-11D3-BF4B-00C04F79EFBC}") = "D3", "D3\D3.csproj", "{890D1CD6-D0B0-485F-84BF-1FE4CC0566EA}"
EndProject
Project("{FAE04EC0-301F-11D3-BF4B-00C04F79EFBC}") = "D4", "D4\D4.csproj", "{F51B0043-CCE8-4FB9-A7A1-FE1B38BD0CFF}"
EndProject
Project("{FAE04EC0-301F-11D3-BF4B-00C04F79EFBC}") = "D5", "D5\D5.csproj", "{7E480D2D-FA20-49C9-836C-23284EDEF03C}"
EndProject
Project("{FAE04EC0-301F-11D3-BF4B-00C04F79EFBC}") = "D6", "D6\D6.csproj", "{C7A8FB6B-763A-4892-8B6C-AA677AB9DABE}"
EndProject
Project("{FAE04EC0-301F-11D3-BF4B-00C04F79EFBC}") = "D7", "D7\D7.csproj", "{C17BF1C2-3A7D-46F6-8F66-A97D9FD1A099}"
EndProject
Project("{FAE04EC0-301F-11D3-BF4B-00C04F79EFBC}") = "Kalkulators", "Kalkulators\Kalkulators.csproj", "{737BEA3F-DEB4-4FCA-9573-D72FB5C8C26B}"
EndProject
Project("{FAE04EC0-301F-11D3-BF4B-00C04F79EFBC}") = "Karatavas", "Karatavas\Karatavas.csproj", "{555505DB-EBFE-4851-964F-64418D2B1784}"
EndProject
Project("{FAE04EC0-301F-11D3-BF4B-00C04F79EFBC}") = "KaratavasGUI", "KaratavasGUI\KaratavasGUI.csproj", "{91ADB9E9-74B7-4235-8606-2785D0D014C6}"
EndProject
Project("{FAE04EC0-301F-11D3-BF4B-00C04F79EFBC}") = "MovieApp", "MovieApp\MovieApp.csproj", "{C60363DB-7EC8-4794-B98B-10B314D2E9B6}"
EndProject
Project("{FAE04EC0-301F-11D3-BF4B-00C04F79EFBC}") = "D9", "D9\D9.csproj", "{E8D48A18-5814-42F0-BF9C-08494BFA9995}"
EndProject
Global
	GlobalSection(SolutionConfigurationPlatforms) = preSolution
		Debug|Any CPU = Debug|Any CPU
		Release|Any CPU = Release|Any CPU
	EndGlobalSection
	GlobalSection(ProjectConfigurationPlatforms) = postSolution
		{7B9DD668-4E83-4A6E-AA2E-9C5CF158A92F}.Debug|Any CPU.ActiveCfg = Debug|Any CPU
		{7B9DD668-4E83-4A6E-AA2E-9C5CF158A92F}.Debug|Any CPU.Build.0 = Debug|Any CPU
		{7B9DD668-4E83-4A6E-AA2E-9C5CF158A92F}.Release|Any CPU.ActiveCfg = Release|Any CPU
		{7B9DD668-4E83-4A6E-AA2E-9C5CF158A92F}.Release|Any CPU.Build.0 = Release|Any CPU
		{7A9A1992-D0B2-477C-A605-9C5521BAA9AF}.Debug|Any CPU.ActiveCfg = Debug|Any CPU
		{7A9A1992-D0B2-477C-A605-9C5521BAA9AF}.Debug|Any CPU.Build.0 = Debug|Any CPU
		{7A9A1992-D0B2-477C-A605-9C5521BAA9AF}.Release|Any CPU.ActiveCfg = Release|Any CPU
		{7A9A1992-D0B2-477C-A605-9C5521BAA9AF}.Release|Any CPU.Build.0 = Release|Any CPU
		{449D57FF-ACBA-4BFB-9538-256C4ACD1B93}.Debug|Any CPU.ActiveCfg = Debug|Any CPU
		{449D57FF-ACBA-4BFB-9538-256C4ACD1B93}.Debug|Any CPU.Build.0 = Debug|Any CPU
		{449D57FF-ACBA-4BFB-9538-256C4ACD1B93}.Release|Any CPU.ActiveCfg = Release|Any CPU
		{449D57FF-ACBA-4BFB-9538-256C4ACD1B93}.Release|Any CPU.Build.0 = Release|Any CPU
		{890D1CD6-D0B0-485F-84BF-1FE4CC0566EA}.Debug|Any CPU.ActiveCfg = Debug|Any CPU
		{890D1CD6-D0B0-485F-84BF-1FE4CC0566EA}.Debug|Any CPU.Build.0 = Debug|Any CPU
		{890D1CD6-D0B0-485F-84BF-1FE4CC0566EA}.Release|Any CPU.ActiveCfg = Release|Any CPU
		{890D1CD6-D0B0-485F-84BF-1FE4CC0566EA}.Release|Any CPU.Build.0 = Release|Any CPU
		{F51B0043-CCE8-4FB9-A7A1-FE1B38BD0CFF}.Debug|Any CPU.ActiveCfg = Debug|Any CPU
		{F51B0043-CCE8-4FB9-A7A1-FE1B38BD0CFF}.Debug|Any CPU.Build.0 = Debug|Any CPU
		{F51B0043-CCE8-4FB9-A7A1-FE1B38BD0CFF}.Release|Any CPU.ActiveCfg = Release|Any CPU
		{F51B0043-CCE8-4FB9-A7A1-FE1B38BD0CFF}.Release|Any CPU.Build.0 = Release|Any CPU
		{7E480D2D-FA20-49C9-836C-23284EDEF03C}.Debug|Any CPU.ActiveCfg = Debug|Any CPU
		{7E480D2D-FA20-49C9-836C-23284EDEF03C}.Debug|Any CPU.Build.0 = Debug|Any CPU
		{7E480D2D-FA20-49C9-836C-23284EDEF03C}.Release|Any CPU.ActiveCfg = Release|Any CPU
		{7E480D2D-FA20-49C9-836C-23284EDEF03C}.Release|Any CPU.Build.0 = Release|Any CPU
		{C7A8FB6B-763A-4892-8B6C-AA677AB9DABE}.Debug|Any CPU.ActiveCfg = Debug|Any CPU
		{C7A8FB6B-763A-4892-8B6C-AA677AB9DABE}.Debug|Any CPU.Build.0 = Debug|Any CPU
		{C7A8FB6B-763A-4892-8B6C-AA677AB9DABE}.Release|Any CPU.ActiveCfg = Release|Any CPU
		{C7A8FB6B-763A-4892-8B6C-AA677AB9DABE}.Release|Any CPU.Build.0 = Release|Any CPU
		{C17BF1C2-3A7D-46F6-8F66-A97D9FD1A099}.Debug|Any CPU.ActiveCfg = Debug|Any CPU
		{C17BF1C2-3A7D-46F6-8F66-A97D9FD1A099}.Debug|Any CPU.Build.0 = Debug|Any CPU
		{C17BF1C2-3A7D-46F6-8F66-A97D9FD1A099}.Release|Any CPU.ActiveCfg = Release|Any CPU
		{C17BF1C2-3A7D-46F6-8F66-A97D9FD1A099}.Release|Any CPU.Build.0 = Release|Any CPU
		{737BEA3F-DEB4-4FCA-9573-D72FB5C8C26B}.Debug|Any CPU.ActiveCfg = Debug|Any CPU
		{737BEA3F-DEB4-4FCA-9573-D72FB5C8C26B}.Debug|Any CPU.Build.0 = Debug|Any CPU
		{737BEA3F-DEB4-4FCA-9573-D72FB5C8C26B}.Release|Any CPU.ActiveCfg = Release|Any CPU
		{737BEA3F-DEB4-4FCA-9573-D72FB5C8C26B}.Release|Any CPU.Build.0 = Release|Any CPU
		{555505DB-EBFE-4851-964F-64418D2B1784}.Debug|Any CPU.ActiveCfg = Debug|Any CPU
		{555505DB-EBFE-4851-964F-64418D2B1784}.Debug|Any CPU.Build.0 = Debug|Any CPU
		{555505DB-EBFE-4851-964F-64418D2B1784}.Release|Any CPU.ActiveCfg = Release|Any CPU
		{555505DB-EBFE-4851-964F-64418D2B1784}.Release|Any CPU.Build.0 = Release|Any CPU
		{91ADB9E9-74B7-4235-8606-2785D0D014C6}.Debug|Any CPU.ActiveCfg = Debug|Any CPU
		{91ADB9E9-74B7-4235-8606-2785D0D014C6}.Debug|Any CPU.Build.0 = Debug|Any CPU
		{91ADB9E9-74B7-4235-8606-2785D0D014C6}.Release|Any CPU.ActiveCfg = Release|Any CPU
		{91ADB9E9-74B7-4235-8606-2785D0D014C6}.Release|Any CPU.Build.0 = Release|Any CPU
		{C60363DB-7EC8-4794-B98B-10B314D2E9B6}.Debug|Any CPU.ActiveCfg = Debug|Any CPU
		{C60363DB-7EC8-4794-B98B-10B314D2E9B6}.Debug|Any CPU.Build.0 = Debug|Any CPU
		{C60363DB-7EC8-4794-B98B-10B314D2E9B6}.Release|Any CPU.ActiveCfg = Release|Any CPU
		{C60363DB-7EC8-4794-B98B-10B314D2E9B6}.Release|Any CPU.Build.0 = Release|Any CPU
		{E8D48A18-5814-42F0-BF9C-08494BFA9995}.Debug|Any CPU.ActiveCfg = Debug|Any CPU
		{E8D48A18-5814-42F0-BF9C-08494BFA9995}.Debug|Any CPU.Build.0 = Debug|Any CPU
		{E8D48A18-5814-42F0-BF9C-08494BFA9995}.Release|Any CPU.ActiveCfg = Release|Any CPU
		{E8D48A18-5814-42F0-BF9C-08494BFA9995}.Release|Any CPU.Build.0 = Release|Any CPU
	EndGlobalSection
	GlobalSection(SolutionProperties) = preSolution
		HideSolutionNode = FALSE
	EndGlobalSection
	GlobalSection(ExtensibilityGlobals) = postSolution
		SolutionGuid = {4F8E0F6C-1690-43B6-834B-C6596E5E7CEF}
	EndGlobalSection
EndGlobal
